
Microsoft Visual Studio Solution File, Format Version 12.00
# Visual Studio Version 17
VisualStudioVersion = 17.11.35222.181
MinimumVisualStudioVersion = 10.0.40219.1
Project("{2150E333-8FDC-42A3-9474-1A3956D46DE8}") = "Task0", "Task0", "{165FA7C9-4D75-491C-9A1C-4F006B1D5AC4}"
EndProject
Project("{9A19103F-16F7-4668-BE54-9A1E7A4F7556}") = "Tyuiu.DonskoiIA.Sprint6.Task0.V12", "Tyuiu.DonskoiIA.Sprint6.Task0.V12\Tyuiu.DonskoiIA.Sprint6.Task0.V12.csproj", "{FC29556B-912A-4EE6-AA73-E5164D7DEA61}"
EndProject
Project("{9A19103F-16F7-4668-BE54-9A1E7A4F7556}") = "Tyuiu.DonskoiIA.Sprint6.Task0.V12.Lib", "Tyuiu.DonskoiIA.Sprint6.Task0.V12.Lib\Tyuiu.DonskoiIA.Sprint6.Task0.V12.Lib.csproj", "{9597B618-069F-4887-8DF5-EDBFE92EB86D}"
EndProject
Project("{9A19103F-16F7-4668-BE54-9A1E7A4F7556}") = "Tyuiu.DonskoiIA.Sprint6.Task0.V12.Test", "Tyuiu.DonskoiIA.Sprint6.Task0.V12.Test\Tyuiu.DonskoiIA.Sprint6.Task0.V12.Test.csproj", "{57B884A5-00F2-4FF7-BE0A-A727C959DEFD}"
EndProject
Project("{2150E333-8FDC-42A3-9474-1A3956D46DE8}") = "Task1", "Task1", "{48C6EA7A-A6D2-457F-8173-E4EC8D4162B0}"
EndProject
Project("{9A19103F-16F7-4668-BE54-9A1E7A4F7556}") = "Tyuiu.DonskoiIA.Sprint6.Task1.V2.Lib", "Tyuiu.DonskoiIA.Sprint6.Task1.V2.Lib\Tyuiu.DonskoiIA.Sprint6.Task1.V2.Lib.csproj", "{E466087E-A9E6-4B69-B046-4D094345773F}"
EndProject
Project("{9A19103F-16F7-4668-BE54-9A1E7A4F7556}") = "Tyuiu.DonskoiIA.Sprint6.Task1.V2.Test", "Tyuiu.DonskoiIA.Sprint6.Task1.V2.Test\Tyuiu.DonskoiIA.Sprint6.Task1.V2.Test.csproj", "{E9C90325-0477-4DC7-866F-6D86625A771D}"
EndProject
Project("{9A19103F-16F7-4668-BE54-9A1E7A4F7556}") = "Tyuiu.DonskoiIA.Sprint6.Task1.V2", "Tyuiu.DonskoiIA.Sprint6.Task1.V2\Tyuiu.DonskoiIA.Sprint6.Task1.V2.csproj", "{BE171CF5-DF1E-4147-8536-C5E81066A84D}"
EndProject
Project("{2150E333-8FDC-42A3-9474-1A3956D46DE8}") = "Task2", "Task2", "{FCCCEB44-36A4-4D4D-95CD-B7966789CF2E}"
EndProject
Project("{9A19103F-16F7-4668-BE54-9A1E7A4F7556}") = "Tyuiu.DonskoiIA.Sprint6.Task2.V29", "Tyuiu.DonskoiIA.Sprint6.Task2.V29\Tyuiu.DonskoiIA.Sprint6.Task2.V29.csproj", "{90405732-0B9A-4BEC-A970-A1D98EE039C9}"
EndProject
Project("{9A19103F-16F7-4668-BE54-9A1E7A4F7556}") = "Tyuiu.DonskoiIA.Sprint6.Task2.V29.Lib", "Tyuiu.DonskoiIA.Sprint6.Task2.V29.Lib\Tyuiu.DonskoiIA.Sprint6.Task2.V29.Lib.csproj", "{E9F12A5B-9837-4BC5-8C7E-264FA881A2D3}"
EndProject
Project("{9A19103F-16F7-4668-BE54-9A1E7A4F7556}") = "Tyuiu.DonskoiIA.Sprint6.Task2.V29.Test", "Tyuiu.DonskoiIA.Sprint6.Task2.V29.Test\Tyuiu.DonskoiIA.Sprint6.Task2.V29.Test.csproj", "{79E79580-02B1-409E-9C14-4C3283C6A6F4}"
EndProject
Project("{2150E333-8FDC-42A3-9474-1A3956D46DE8}") = "Task3", "Task3", "{A57A0DCB-B747-4F45-87D3-4DEF78300F9D}"
EndProject
Project("{FAE04EC0-301F-11D3-BF4B-00C04F79EFBC}") = "Tyuiu.DonskoiIA.Sprint6.Task3.V19", "Tyuiu.DonskoiIA.Sprint6.Task3.V19\Tyuiu.DonskoiIA.Sprint6.Task3.V19.csproj", "{33A14B52-3F45-4AFF-B02A-19DB3E859465}"
EndProject
Project("{FAE04EC0-301F-11D3-BF4B-00C04F79EFBC}") = "Tyuiu.DonskoiIA.Sprint6.Task3.V19.Lib", "Tyuiu.DonskoiIA.Sprint6.Task3.V19.Lib\Tyuiu.DonskoiIA.Sprint6.Task3.V19.Lib.csproj", "{BFBE1600-3FB0-45D5-8E0F-DC0CA483ADE5}"
EndProject
Project("{FAE04EC0-301F-11D3-BF4B-00C04F79EFBC}") = "Tyuiu.DonskoiIA.Sprint6.Task3.V19.Test", "Tyuiu.DonskoiIA.Sprint6.Task3.V19.Test\Tyuiu.DonskoiIA.Sprint6.Task3.V19.Test.csproj", "{089CBE13-DA73-4F87-8DF4-F4A8C68E7A1E}"
EndProject
Global
	GlobalSection(SolutionConfigurationPlatforms) = preSolution
		Debug|Any CPU = Debug|Any CPU
		Release|Any CPU = Release|Any CPU
	EndGlobalSection
	GlobalSection(ProjectConfigurationPlatforms) = postSolution
		{FC29556B-912A-4EE6-AA73-E5164D7DEA61}.Debug|Any CPU.ActiveCfg = Debug|Any CPU
		{FC29556B-912A-4EE6-AA73-E5164D7DEA61}.Debug|Any CPU.Build.0 = Debug|Any CPU
		{FC29556B-912A-4EE6-AA73-E5164D7DEA61}.Release|Any CPU.ActiveCfg = Release|Any CPU
		{FC29556B-912A-4EE6-AA73-E5164D7DEA61}.Release|Any CPU.Build.0 = Release|Any CPU
		{9597B618-069F-4887-8DF5-EDBFE92EB86D}.Debug|Any CPU.ActiveCfg = Debug|Any CPU
		{9597B618-069F-4887-8DF5-EDBFE92EB86D}.Debug|Any CPU.Build.0 = Debug|Any CPU
		{9597B618-069F-4887-8DF5-EDBFE92EB86D}.Release|Any CPU.ActiveCfg = Release|Any CPU
		{9597B618-069F-4887-8DF5-EDBFE92EB86D}.Release|Any CPU.Build.0 = Release|Any CPU
		{57B884A5-00F2-4FF7-BE0A-A727C959DEFD}.Debug|Any CPU.ActiveCfg = Debug|Any CPU
		{57B884A5-00F2-4FF7-BE0A-A727C959DEFD}.Debug|Any CPU.Build.0 = Debug|Any CPU
		{57B884A5-00F2-4FF7-BE0A-A727C959DEFD}.Release|Any CPU.ActiveCfg = Release|Any CPU
		{57B884A5-00F2-4FF7-BE0A-A727C959DEFD}.Release|Any CPU.Build.0 = Release|Any CPU
		{E466087E-A9E6-4B69-B046-4D094345773F}.Debug|Any CPU.ActiveCfg = Debug|Any CPU
		{E466087E-A9E6-4B69-B046-4D094345773F}.Debug|Any CPU.Build.0 = Debug|Any CPU
		{E466087E-A9E6-4B69-B046-4D094345773F}.Release|Any CPU.ActiveCfg = Release|Any CPU
		{E466087E-A9E6-4B69-B046-4D094345773F}.Release|Any CPU.Build.0 = Release|Any CPU
		{E9C90325-0477-4DC7-866F-6D86625A771D}.Debug|Any CPU.ActiveCfg = Debug|Any CPU
		{E9C90325-0477-4DC7-866F-6D86625A771D}.Debug|Any CPU.Build.0 = Debug|Any CPU
		{E9C90325-0477-4DC7-866F-6D86625A771D}.Release|Any CPU.ActiveCfg = Release|Any CPU
		{E9C90325-0477-4DC7-866F-6D86625A771D}.Release|Any CPU.Build.0 = Release|Any CPU
		{BE171CF5-DF1E-4147-8536-C5E81066A84D}.Debug|Any CPU.ActiveCfg = Debug|Any CPU
		{BE171CF5-DF1E-4147-8536-C5E81066A84D}.Debug|Any CPU.Build.0 = Debug|Any CPU
		{BE171CF5-DF1E-4147-8536-C5E81066A84D}.Release|Any CPU.ActiveCfg = Release|Any CPU
		{BE171CF5-DF1E-4147-8536-C5E81066A84D}.Release|Any CPU.Build.0 = Release|Any CPU
		{90405732-0B9A-4BEC-A970-A1D98EE039C9}.Debug|Any CPU.ActiveCfg = Debug|Any CPU
		{90405732-0B9A-4BEC-A970-A1D98EE039C9}.Debug|Any CPU.Build.0 = Debug|Any CPU
		{90405732-0B9A-4BEC-A970-A1D98EE039C9}.Release|Any CPU.ActiveCfg = Release|Any CPU
		{90405732-0B9A-4BEC-A970-A1D98EE039C9}.Release|Any CPU.Build.0 = Release|Any CPU
		{E9F12A5B-9837-4BC5-8C7E-264FA881A2D3}.Debug|Any CPU.ActiveCfg = Debug|Any CPU
		{E9F12A5B-9837-4BC5-8C7E-264FA881A2D3}.Debug|Any CPU.Build.0 = Debug|Any CPU
		{E9F12A5B-9837-4BC5-8C7E-264FA881A2D3}.Release|Any CPU.ActiveCfg = Release|Any CPU
		{E9F12A5B-9837-4BC5-8C7E-264FA881A2D3}.Release|Any CPU.Build.0 = Release|Any CPU
		{79E79580-02B1-409E-9C14-4C3283C6A6F4}.Debug|Any CPU.ActiveCfg = Debug|Any CPU
		{79E79580-02B1-409E-9C14-4C3283C6A6F4}.Debug|Any CPU.Build.0 = Debug|Any CPU
		{79E79580-02B1-409E-9C14-4C3283C6A6F4}.Release|Any CPU.ActiveCfg = Release|Any CPU
		{79E79580-02B1-409E-9C14-4C3283C6A6F4}.Release|Any CPU.Build.0 = Release|Any CPU
		{33A14B52-3F45-4AFF-B02A-19DB3E859465}.Debug|Any CPU.ActiveCfg = Debug|Any CPU
		{33A14B52-3F45-4AFF-B02A-19DB3E859465}.Debug|Any CPU.Build.0 = Debug|Any CPU
		{33A14B52-3F45-4AFF-B02A-19DB3E859465}.Release|Any CPU.ActiveCfg = Release|Any CPU
		{33A14B52-3F45-4AFF-B02A-19DB3E859465}.Release|Any CPU.Build.0 = Release|Any CPU
		{BFBE1600-3FB0-45D5-8E0F-DC0CA483ADE5}.Debug|Any CPU.ActiveCfg = Debug|Any CPU
		{BFBE1600-3FB0-45D5-8E0F-DC0CA483ADE5}.Debug|Any CPU.Build.0 = Debug|Any CPU
		{BFBE1600-3FB0-45D5-8E0F-DC0CA483ADE5}.Release|Any CPU.ActiveCfg = Release|Any CPU
		{BFBE1600-3FB0-45D5-8E0F-DC0CA483ADE5}.Release|Any CPU.Build.0 = Release|Any CPU
		{089CBE13-DA73-4F87-8DF4-F4A8C68E7A1E}.Debug|Any CPU.ActiveCfg = Debug|Any CPU
		{089CBE13-DA73-4F87-8DF4-F4A8C68E7A1E}.Debug|Any CPU.Build.0 = Debug|Any CPU
		{089CBE13-DA73-4F87-8DF4-F4A8C68E7A1E}.Release|Any CPU.ActiveCfg = Release|Any CPU
		{089CBE13-DA73-4F87-8DF4-F4A8C68E7A1E}.Release|Any CPU.Build.0 = Release|Any CPU
	EndGlobalSection
	GlobalSection(SolutionProperties) = preSolution
		HideSolutionNode = FALSE
	EndGlobalSection
	GlobalSection(NestedProjects) = preSolution
		{FC29556B-912A-4EE6-AA73-E5164D7DEA61} = {165FA7C9-4D75-491C-9A1C-4F006B1D5AC4}
		{9597B618-069F-4887-8DF5-EDBFE92EB86D} = {165FA7C9-4D75-491C-9A1C-4F006B1D5AC4}
		{57B884A5-00F2-4FF7-BE0A-A727C959DEFD} = {165FA7C9-4D75-491C-9A1C-4F006B1D5AC4}
		{E466087E-A9E6-4B69-B046-4D094345773F} = {48C6EA7A-A6D2-457F-8173-E4EC8D4162B0}
		{E9C90325-0477-4DC7-866F-6D86625A771D} = {48C6EA7A-A6D2-457F-8173-E4EC8D4162B0}
		{BE171CF5-DF1E-4147-8536-C5E81066A84D} = {48C6EA7A-A6D2-457F-8173-E4EC8D4162B0}
		{90405732-0B9A-4BEC-A970-A1D98EE039C9} = {FCCCEB44-36A4-4D4D-95CD-B7966789CF2E}
		{E9F12A5B-9837-4BC5-8C7E-264FA881A2D3} = {FCCCEB44-36A4-4D4D-95CD-B7966789CF2E}
		{79E79580-02B1-409E-9C14-4C3283C6A6F4} = {FCCCEB44-36A4-4D4D-95CD-B7966789CF2E}
		{33A14B52-3F45-4AFF-B02A-19DB3E859465} = {A57A0DCB-B747-4F45-87D3-4DEF78300F9D}
		{BFBE1600-3FB0-45D5-8E0F-DC0CA483ADE5} = {A57A0DCB-B747-4F45-87D3-4DEF78300F9D}
		{089CBE13-DA73-4F87-8DF4-F4A8C68E7A1E} = {A57A0DCB-B747-4F45-87D3-4DEF78300F9D}
	EndGlobalSection
	GlobalSection(ExtensibilityGlobals) = postSolution
		SolutionGuid = {355629DF-9595-49DD-ABEC-0ACDE56E5D2B}
	EndGlobalSection
EndGlobal
